
Microsoft Visual Studio Solution File, Format Version 12.00
# Visual Studio Version 17
VisualStudioVersion = 17.10.35004.147
MinimumVisualStudioVersion = 10.0.40219.1
Project("{9A19103F-16F7-4668-BE54-9A1E7A4F7556}") = "BackEnd_1", "BackEnd_1\BackEnd_1.csproj", "{CD65C5D3-B596-4894-AF6D-14229243BBB6}"
EndProject
Project("{9A19103F-16F7-4668-BE54-9A1E7A4F7556}") = "Persona", "Persona\Persona.csproj", "{F7B63DC2-DA74-426C-8135-98F3793A8CA5}"
EndProject
Project("{9A19103F-16F7-4668-BE54-9A1E7A4F7556}") = "Input_Exercise", "Input_Exercise\Input_Exercise.csproj", "{28DCFAAA-F48E-4ED3-8CD4-8CBF3F5CFB7D}"
EndProject
Project("{9A19103F-16F7-4668-BE54-9A1E7A4F7556}") = "BankAccount", "BankAccount\BankAccount.csproj", "{9F8F6224-0A32-4DBE-94C2-6798593C348C}"
EndProject
Project("{FAE04EC0-301F-11D3-BF4B-00C04F79EFBC}") = "MenuLogin", "MenuLogin\MenuLogin.csproj", "{940A2099-345A-4BB8-B970-E82FF5DFBD90}"
EndProject
Global
	GlobalSection(SolutionConfigurationPlatforms) = preSolution
		Debug|Any CPU = Debug|Any CPU
		Release|Any CPU = Release|Any CPU
	EndGlobalSection
	GlobalSection(ProjectConfigurationPlatforms) = postSolution
		{CD65C5D3-B596-4894-AF6D-14229243BBB6}.Debug|Any CPU.ActiveCfg = Debug|Any CPU
		{CD65C5D3-B596-4894-AF6D-14229243BBB6}.Debug|Any CPU.Build.0 = Debug|Any CPU
		{CD65C5D3-B596-4894-AF6D-14229243BBB6}.Release|Any CPU.ActiveCfg = Release|Any CPU
		{CD65C5D3-B596-4894-AF6D-14229243BBB6}.Release|Any CPU.Build.0 = Release|Any CPU
		{F7B63DC2-DA74-426C-8135-98F3793A8CA5}.Debug|Any CPU.ActiveCfg = Debug|Any CPU
		{F7B63DC2-DA74-426C-8135-98F3793A8CA5}.Debug|Any CPU.Build.0 = Debug|Any CPU
		{F7B63DC2-DA74-426C-8135-98F3793A8CA5}.Release|Any CPU.ActiveCfg = Release|Any CPU
		{F7B63DC2-DA74-426C-8135-98F3793A8CA5}.Release|Any CPU.Build.0 = Release|Any CPU
		{28DCFAAA-F48E-4ED3-8CD4-8CBF3F5CFB7D}.Debug|Any CPU.ActiveCfg = Debug|Any CPU
		{28DCFAAA-F48E-4ED3-8CD4-8CBF3F5CFB7D}.Debug|Any CPU.Build.0 = Debug|Any CPU
		{28DCFAAA-F48E-4ED3-8CD4-8CBF3F5CFB7D}.Release|Any CPU.ActiveCfg = Release|Any CPU
		{28DCFAAA-F48E-4ED3-8CD4-8CBF3F5CFB7D}.Release|Any CPU.Build.0 = Release|Any CPU
		{9F8F6224-0A32-4DBE-94C2-6798593C348C}.Debug|Any CPU.ActiveCfg = Debug|Any CPU
		{9F8F6224-0A32-4DBE-94C2-6798593C348C}.Debug|Any CPU.Build.0 = Debug|Any CPU
		{9F8F6224-0A32-4DBE-94C2-6798593C348C}.Release|Any CPU.ActiveCfg = Release|Any CPU
		{9F8F6224-0A32-4DBE-94C2-6798593C348C}.Release|Any CPU.Build.0 = Release|Any CPU
		{940A2099-345A-4BB8-B970-E82FF5DFBD90}.Debug|Any CPU.ActiveCfg = Debug|Any CPU
		{940A2099-345A-4BB8-B970-E82FF5DFBD90}.Debug|Any CPU.Build.0 = Debug|Any CPU
		{940A2099-345A-4BB8-B970-E82FF5DFBD90}.Release|Any CPU.ActiveCfg = Release|Any CPU
		{940A2099-345A-4BB8-B970-E82FF5DFBD90}.Release|Any CPU.Build.0 = Release|Any CPU
	EndGlobalSection
	GlobalSection(SolutionProperties) = preSolution
		HideSolutionNode = FALSE
	EndGlobalSection
	GlobalSection(ExtensibilityGlobals) = postSolution
		SolutionGuid = {87C387D9-0E00-4434-87F4-EE99813E6EDB}
	EndGlobalSection
EndGlobal
